
Microsoft Visual Studio Solution File, Format Version 12.00
# Visual Studio Version 16
VisualStudioVersion = 16.0.29920.165
MinimumVisualStudioVersion = 10.0.40219.1
Project("{9A19103F-16F7-4668-BE54-9A1E7A4F7556}") = "Entities", "Entities\Entities.csproj", "{1ABDFE92-E22C-4883-AA3F-FF90D93CF0B2}"
EndProject
Project("{9A19103F-16F7-4668-BE54-9A1E7A4F7556}") = "Repository.EFCore", "Repository.EFCore\Repository.EFCore.csproj", "{4B785AE8-FF8F-42D7-9BFA-479394F51861}"
EndProject
Project("{9A19103F-16F7-4668-BE54-9A1E7A4F7556}") = "Repository.IoC", "Repository.IoC\Repository.IoC.csproj", "{24FB17C8-2358-4AF9-99AA-DC008874A4D7}"
EndProject
Project("{9A19103F-16F7-4668-BE54-9A1E7A4F7556}") = "CQRS", "CQRS\CQRS.csproj", "{026BD10E-99F0-4BAA-95FA-3EC72FAD1B43}"
EndProject
Project("{2150E333-8FDC-42A3-9474-1A3956D46DE8}") = "Src", "Src", "{6F70FD50-A7DE-4742-8B24-1F8F88D92F70}"
EndProject
Project("{9A19103F-16F7-4668-BE54-9A1E7A4F7556}") = "WebAPI", "WebAPI\WebAPI.csproj", "{9794FC40-B3E5-4428-8A38-36FC02F7C1FF}"
EndProject
Project("{2150E333-8FDC-42A3-9474-1A3956D46DE8}") = "Application", "Application", "{A415277E-993F-4F06-A50F-05F59FE9C75C}"
EndProject
Project("{2150E333-8FDC-42A3-9474-1A3956D46DE8}") = "Infrastructure", "Infrastructure", "{D8A6D8C7-B118-4C97-ADEB-2B3447BAF27B}"
EndProject
Project("{2150E333-8FDC-42A3-9474-1A3956D46DE8}") = "UI", "UI", "{4EA0ED89-835B-4217-BEAD-CC6316EDAE0B}"
EndProject
Project("{2150E333-8FDC-42A3-9474-1A3956D46DE8}") = "Domain", "Domain", "{20C623F1-36D2-4B79-9FC9-3EA1749DEF3E}"
EndProject
Project("{9A19103F-16F7-4668-BE54-9A1E7A4F7556}") = "UnitTestProject", "UnitTestProject\UnitTestProject.csproj", "{A3C1FA34-02BC-4E08-81B3-41713D14AFF5}"
EndProject
Project("{2150E333-8FDC-42A3-9474-1A3956D46DE8}") = "Test", "Test", "{923406AE-5232-4F81-8B99-FB92E3593D7E}"
EndProject
Global
	GlobalSection(SolutionConfigurationPlatforms) = preSolution
		Debug|Any CPU = Debug|Any CPU
		Release|Any CPU = Release|Any CPU
	EndGlobalSection
	GlobalSection(ProjectConfigurationPlatforms) = postSolution
		{1ABDFE92-E22C-4883-AA3F-FF90D93CF0B2}.Debug|Any CPU.ActiveCfg = Debug|Any CPU
		{1ABDFE92-E22C-4883-AA3F-FF90D93CF0B2}.Debug|Any CPU.Build.0 = Debug|Any CPU
		{1ABDFE92-E22C-4883-AA3F-FF90D93CF0B2}.Release|Any CPU.ActiveCfg = Release|Any CPU
		{1ABDFE92-E22C-4883-AA3F-FF90D93CF0B2}.Release|Any CPU.Build.0 = Release|Any CPU
		{4B785AE8-FF8F-42D7-9BFA-479394F51861}.Debug|Any CPU.ActiveCfg = Debug|Any CPU
		{4B785AE8-FF8F-42D7-9BFA-479394F51861}.Debug|Any CPU.Build.0 = Debug|Any CPU
		{4B785AE8-FF8F-42D7-9BFA-479394F51861}.Release|Any CPU.ActiveCfg = Release|Any CPU
		{4B785AE8-FF8F-42D7-9BFA-479394F51861}.Release|Any CPU.Build.0 = Release|Any CPU
		{24FB17C8-2358-4AF9-99AA-DC008874A4D7}.Debug|Any CPU.ActiveCfg = Debug|Any CPU
		{24FB17C8-2358-4AF9-99AA-DC008874A4D7}.Debug|Any CPU.Build.0 = Debug|Any CPU
		{24FB17C8-2358-4AF9-99AA-DC008874A4D7}.Release|Any CPU.ActiveCfg = Release|Any CPU
		{24FB17C8-2358-4AF9-99AA-DC008874A4D7}.Release|Any CPU.Build.0 = Release|Any CPU
		{026BD10E-99F0-4BAA-95FA-3EC72FAD1B43}.Debug|Any CPU.ActiveCfg = Debug|Any CPU
		{026BD10E-99F0-4BAA-95FA-3EC72FAD1B43}.Debug|Any CPU.Build.0 = Debug|Any CPU
		{026BD10E-99F0-4BAA-95FA-3EC72FAD1B43}.Release|Any CPU.ActiveCfg = Release|Any CPU
		{026BD10E-99F0-4BAA-95FA-3EC72FAD1B43}.Release|Any CPU.Build.0 = Release|Any CPU
		{9794FC40-B3E5-4428-8A38-36FC02F7C1FF}.Debug|Any CPU.ActiveCfg = Debug|Any CPU
		{9794FC40-B3E5-4428-8A38-36FC02F7C1FF}.Debug|Any CPU.Build.0 = Debug|Any CPU
		{9794FC40-B3E5-4428-8A38-36FC02F7C1FF}.Release|Any CPU.ActiveCfg = Release|Any CPU
		{9794FC40-B3E5-4428-8A38-36FC02F7C1FF}.Release|Any CPU.Build.0 = Release|Any CPU
		{A3C1FA34-02BC-4E08-81B3-41713D14AFF5}.Debug|Any CPU.ActiveCfg = Debug|Any CPU
		{A3C1FA34-02BC-4E08-81B3-41713D14AFF5}.Debug|Any CPU.Build.0 = Debug|Any CPU
		{A3C1FA34-02BC-4E08-81B3-41713D14AFF5}.Release|Any CPU.ActiveCfg = Release|Any CPU
		{A3C1FA34-02BC-4E08-81B3-41713D14AFF5}.Release|Any CPU.Build.0 = Release|Any CPU
	EndGlobalSection
	GlobalSection(SolutionProperties) = preSolution
		HideSolutionNode = FALSE
	EndGlobalSection
	GlobalSection(NestedProjects) = preSolution
		{1ABDFE92-E22C-4883-AA3F-FF90D93CF0B2} = {20C623F1-36D2-4B79-9FC9-3EA1749DEF3E}
		{4B785AE8-FF8F-42D7-9BFA-479394F51861} = {D8A6D8C7-B118-4C97-ADEB-2B3447BAF27B}
		{24FB17C8-2358-4AF9-99AA-DC008874A4D7} = {D8A6D8C7-B118-4C97-ADEB-2B3447BAF27B}
		{026BD10E-99F0-4BAA-95FA-3EC72FAD1B43} = {A415277E-993F-4F06-A50F-05F59FE9C75C}
		{9794FC40-B3E5-4428-8A38-36FC02F7C1FF} = {4EA0ED89-835B-4217-BEAD-CC6316EDAE0B}
		{A415277E-993F-4F06-A50F-05F59FE9C75C} = {6F70FD50-A7DE-4742-8B24-1F8F88D92F70}
		{D8A6D8C7-B118-4C97-ADEB-2B3447BAF27B} = {6F70FD50-A7DE-4742-8B24-1F8F88D92F70}
		{4EA0ED89-835B-4217-BEAD-CC6316EDAE0B} = {6F70FD50-A7DE-4742-8B24-1F8F88D92F70}
		{20C623F1-36D2-4B79-9FC9-3EA1749DEF3E} = {6F70FD50-A7DE-4742-8B24-1F8F88D92F70}
		{A3C1FA34-02BC-4E08-81B3-41713D14AFF5} = {923406AE-5232-4F81-8B99-FB92E3593D7E}
	EndGlobalSection
	GlobalSection(ExtensibilityGlobals) = postSolution
		SolutionGuid = {1ACDC8BC-FCF5-439C-91CA-0B54C2B23365}
	EndGlobalSection
EndGlobal
